
Microsoft Visual Studio Solution File, Format Version 12.00
# Visual Studio Version 17
VisualStudioVersion = 17.5.33516.290
MinimumVisualStudioVersion = 10.0.40219.1
Project("{9A19103F-16F7-4668-BE54-9A1E7A4F7556}") = "ArkEcho.Core", "ArkEcho.Core\ArkEcho.Core.csproj", "{77506B2E-B84E-4FCF-9904-63189AF6B51E}"
EndProject
Project("{2150E333-8FDC-42A3-9474-1A3956D46DE8}") = "Solution Items", "Solution Items", "{E94014C4-48C3-40CE-82B0-E44B4C3790AF}"
	ProjectSection(SolutionItems) = preProject
		.editorconfig = .editorconfig
	EndProjectSection
EndProject
Project("{9A19103F-16F7-4668-BE54-9A1E7A4F7556}") = "ArkEcho.Core.Test", "ArkEcho.Core.Test\ArkEcho.Core.Test.csproj", "{541C8072-17FD-42B8-BFB5-0AF924101B6D}"
EndProject
Project("{9A19103F-16F7-4668-BE54-9A1E7A4F7556}") = "ArkEcho.Server", "ArkEcho.Server\ArkEcho.Server.csproj", "{CACE630E-95A5-4D41-A3A8-5B0A36E482C7}"
EndProject
Project("{9A19103F-16F7-4668-BE54-9A1E7A4F7556}") = "ArkEcho.Server.Test", "ArkEcho.Server.Test\ArkEcho.Server.Test.csproj", "{AF7CC405-33AF-4B0A-A415-E2D9201D43B0}"
EndProject
Project("{9A19103F-16F7-4668-BE54-9A1E7A4F7556}") = "ArkEcho.RazorPage", "ArkEcho.RazorPage\ArkEcho.RazorPage.csproj", "{AECC0C44-7D48-4E73-A2DA-00E85ED4F2C7}"
EndProject
Project("{9A19103F-16F7-4668-BE54-9A1E7A4F7556}") = "ArkEcho.WebPage", "ArkEcho.WebPage\ArkEcho.WebPage.csproj", "{C4B9FB6B-2723-4CFA-B4A2-B027381E242E}"
EndProject
Global
	GlobalSection(SolutionConfigurationPlatforms) = preSolution
		Debug|Any CPU = Debug|Any CPU
		Release|Any CPU = Release|Any CPU
	EndGlobalSection
	GlobalSection(ProjectConfigurationPlatforms) = postSolution
		{77506B2E-B84E-4FCF-9904-63189AF6B51E}.Debug|Any CPU.ActiveCfg = Debug|Any CPU
		{77506B2E-B84E-4FCF-9904-63189AF6B51E}.Debug|Any CPU.Build.0 = Debug|Any CPU
		{77506B2E-B84E-4FCF-9904-63189AF6B51E}.Release|Any CPU.ActiveCfg = Release|Any CPU
		{77506B2E-B84E-4FCF-9904-63189AF6B51E}.Release|Any CPU.Build.0 = Release|Any CPU
		{541C8072-17FD-42B8-BFB5-0AF924101B6D}.Debug|Any CPU.ActiveCfg = Debug|Any CPU
		{541C8072-17FD-42B8-BFB5-0AF924101B6D}.Debug|Any CPU.Build.0 = Debug|Any CPU
		{541C8072-17FD-42B8-BFB5-0AF924101B6D}.Release|Any CPU.ActiveCfg = Release|Any CPU
		{541C8072-17FD-42B8-BFB5-0AF924101B6D}.Release|Any CPU.Build.0 = Release|Any CPU
		{CACE630E-95A5-4D41-A3A8-5B0A36E482C7}.Debug|Any CPU.ActiveCfg = Debug|Any CPU
		{CACE630E-95A5-4D41-A3A8-5B0A36E482C7}.Debug|Any CPU.Build.0 = Debug|Any CPU
		{CACE630E-95A5-4D41-A3A8-5B0A36E482C7}.Release|Any CPU.ActiveCfg = Release|Any CPU
		{CACE630E-95A5-4D41-A3A8-5B0A36E482C7}.Release|Any CPU.Build.0 = Release|Any CPU
		{AF7CC405-33AF-4B0A-A415-E2D9201D43B0}.Debug|Any CPU.ActiveCfg = Debug|Any CPU
		{AF7CC405-33AF-4B0A-A415-E2D9201D43B0}.Debug|Any CPU.Build.0 = Debug|Any CPU
		{AF7CC405-33AF-4B0A-A415-E2D9201D43B0}.Release|Any CPU.ActiveCfg = Release|Any CPU
		{AF7CC405-33AF-4B0A-A415-E2D9201D43B0}.Release|Any CPU.Build.0 = Release|Any CPU
		{AECC0C44-7D48-4E73-A2DA-00E85ED4F2C7}.Debug|Any CPU.ActiveCfg = Debug|Any CPU
		{AECC0C44-7D48-4E73-A2DA-00E85ED4F2C7}.Debug|Any CPU.Build.0 = Debug|Any CPU
		{AECC0C44-7D48-4E73-A2DA-00E85ED4F2C7}.Release|Any CPU.ActiveCfg = Release|Any CPU
		{AECC0C44-7D48-4E73-A2DA-00E85ED4F2C7}.Release|Any CPU.Build.0 = Release|Any CPU
		{C4B9FB6B-2723-4CFA-B4A2-B027381E242E}.Debug|Any CPU.ActiveCfg = Debug|Any CPU
		{C4B9FB6B-2723-4CFA-B4A2-B027381E242E}.Debug|Any CPU.Build.0 = Debug|Any CPU
		{C4B9FB6B-2723-4CFA-B4A2-B027381E242E}.Release|Any CPU.ActiveCfg = Release|Any CPU
		{C4B9FB6B-2723-4CFA-B4A2-B027381E242E}.Release|Any CPU.Build.0 = Release|Any CPU
	EndGlobalSection
	GlobalSection(SolutionProperties) = preSolution
		HideSolutionNode = FALSE
	EndGlobalSection
	GlobalSection(ExtensibilityGlobals) = postSolution
		SolutionGuid = {2DA2EDB2-5557-44A8-9B48-789FF7E6665E}
	EndGlobalSection
EndGlobal
