
Microsoft Visual Studio Solution File, Format Version 12.00
# Visual Studio Version 17
VisualStudioVersion = 17.1.32210.238
MinimumVisualStudioVersion = 10.0.40219.1
Project("{9A19103F-16F7-4668-BE54-9A1E7A4F7556}") = "ArkEcho.Core", "ArkEcho.Core\ArkEcho.Core.csproj", "{3AC5C6D8-A50A-4753-94BA-A62374BBC8F7}"
EndProject
Project("{9A19103F-16F7-4668-BE54-9A1E7A4F7556}") = "ArkEcho.Core.Test", "ArkEcho.Core.Test\ArkEcho.Core.Test.csproj", "{F7EF40D8-2A7E-4737-9CF7-0EC7DB9BD44E}"
EndProject
Project("{FAE04EC0-301F-11D3-BF4B-00C04F79EFBC}") = "ArkEcho.WebPage", "ArkEcho.WebPage\ArkEcho.WebPage.csproj", "{B58E8E36-C349-4337-A583-0962A18AD305}"
EndProject
Global
	GlobalSection(SolutionConfigurationPlatforms) = preSolution
		Debug|Any CPU = Debug|Any CPU
		Release|Any CPU = Release|Any CPU
	EndGlobalSection
	GlobalSection(ProjectConfigurationPlatforms) = postSolution
		{3AC5C6D8-A50A-4753-94BA-A62374BBC8F7}.Debug|Any CPU.ActiveCfg = Debug|Any CPU
		{3AC5C6D8-A50A-4753-94BA-A62374BBC8F7}.Debug|Any CPU.Build.0 = Debug|Any CPU
		{3AC5C6D8-A50A-4753-94BA-A62374BBC8F7}.Release|Any CPU.ActiveCfg = Release|Any CPU
		{3AC5C6D8-A50A-4753-94BA-A62374BBC8F7}.Release|Any CPU.Build.0 = Release|Any CPU
		{F7EF40D8-2A7E-4737-9CF7-0EC7DB9BD44E}.Debug|Any CPU.ActiveCfg = Debug|Any CPU
		{F7EF40D8-2A7E-4737-9CF7-0EC7DB9BD44E}.Debug|Any CPU.Build.0 = Debug|Any CPU
		{F7EF40D8-2A7E-4737-9CF7-0EC7DB9BD44E}.Release|Any CPU.ActiveCfg = Release|Any CPU
		{F7EF40D8-2A7E-4737-9CF7-0EC7DB9BD44E}.Release|Any CPU.Build.0 = Release|Any CPU
		{B58E8E36-C349-4337-A583-0962A18AD305}.Debug|Any CPU.ActiveCfg = Debug|Any CPU
		{B58E8E36-C349-4337-A583-0962A18AD305}.Debug|Any CPU.Build.0 = Debug|Any CPU
		{B58E8E36-C349-4337-A583-0962A18AD305}.Release|Any CPU.ActiveCfg = Release|Any CPU
		{B58E8E36-C349-4337-A583-0962A18AD305}.Release|Any CPU.Build.0 = Release|Any CPU
	EndGlobalSection
	GlobalSection(SolutionProperties) = preSolution
		HideSolutionNode = FALSE
	EndGlobalSection
	GlobalSection(ExtensibilityGlobals) = postSolution
		SolutionGuid = {19FA9EFD-2DD3-42E1-9618-176DABFAC9AC}
	EndGlobalSection
EndGlobal
