
Microsoft Visual Studio Solution File, Format Version 12.00
# Visual Studio Version 17
VisualStudioVersion = 17.4.33205.214
MinimumVisualStudioVersion = 10.0.40219.1
Project("{9A19103F-16F7-4668-BE54-9A1E7A4F7556}") = "ArkEcho.Core", "ArkEcho.Core\ArkEcho.Core.csproj", "{29A24A54-4698-403E-9D37-DB7528B08C3C}"
EndProject
Project("{9A19103F-16F7-4668-BE54-9A1E7A4F7556}") = "ArkEcho.Core.Test", "ArkEcho.Core.Test\ArkEcho.Core.Test.csproj", "{F92A84FE-64CE-4E50-8164-F05D39336AEA}"
EndProject
Project("{9A19103F-16F7-4668-BE54-9A1E7A4F7556}") = "ArkEcho.RazorPage", "ArkEcho.RazorPage\ArkEcho.RazorPage.csproj", "{6356B863-0280-4B0D-90E8-36C2C214DF2B}"
EndProject
Project("{9A19103F-16F7-4668-BE54-9A1E7A4F7556}") = "ArkEcho.Maui", "ArkEcho.Maui\ArkEcho.Maui.csproj", "{F341BF84-F10E-4AFF-96CE-DD9E8BC6EC4E}"
EndProject
Global
	GlobalSection(SolutionConfigurationPlatforms) = preSolution
		Debug|Any CPU = Debug|Any CPU
		Release|Any CPU = Release|Any CPU
	EndGlobalSection
	GlobalSection(ProjectConfigurationPlatforms) = postSolution
		{29A24A54-4698-403E-9D37-DB7528B08C3C}.Debug|Any CPU.ActiveCfg = Debug|Any CPU
		{29A24A54-4698-403E-9D37-DB7528B08C3C}.Debug|Any CPU.Build.0 = Debug|Any CPU
		{29A24A54-4698-403E-9D37-DB7528B08C3C}.Release|Any CPU.ActiveCfg = Release|Any CPU
		{29A24A54-4698-403E-9D37-DB7528B08C3C}.Release|Any CPU.Build.0 = Release|Any CPU
		{F92A84FE-64CE-4E50-8164-F05D39336AEA}.Debug|Any CPU.ActiveCfg = Debug|Any CPU
		{F92A84FE-64CE-4E50-8164-F05D39336AEA}.Debug|Any CPU.Build.0 = Debug|Any CPU
		{F92A84FE-64CE-4E50-8164-F05D39336AEA}.Release|Any CPU.ActiveCfg = Release|Any CPU
		{F92A84FE-64CE-4E50-8164-F05D39336AEA}.Release|Any CPU.Build.0 = Release|Any CPU
		{6356B863-0280-4B0D-90E8-36C2C214DF2B}.Debug|Any CPU.ActiveCfg = Debug|Any CPU
		{6356B863-0280-4B0D-90E8-36C2C214DF2B}.Debug|Any CPU.Build.0 = Debug|Any CPU
		{6356B863-0280-4B0D-90E8-36C2C214DF2B}.Release|Any CPU.ActiveCfg = Release|Any CPU
		{6356B863-0280-4B0D-90E8-36C2C214DF2B}.Release|Any CPU.Build.0 = Release|Any CPU
		{F341BF84-F10E-4AFF-96CE-DD9E8BC6EC4E}.Debug|Any CPU.ActiveCfg = Debug|Any CPU
		{F341BF84-F10E-4AFF-96CE-DD9E8BC6EC4E}.Debug|Any CPU.Build.0 = Debug|Any CPU
		{F341BF84-F10E-4AFF-96CE-DD9E8BC6EC4E}.Debug|Any CPU.Deploy.0 = Debug|Any CPU
		{F341BF84-F10E-4AFF-96CE-DD9E8BC6EC4E}.Release|Any CPU.ActiveCfg = Release|Any CPU
		{F341BF84-F10E-4AFF-96CE-DD9E8BC6EC4E}.Release|Any CPU.Build.0 = Release|Any CPU
		{F341BF84-F10E-4AFF-96CE-DD9E8BC6EC4E}.Release|Any CPU.Deploy.0 = Release|Any CPU
	EndGlobalSection
	GlobalSection(SolutionProperties) = preSolution
		HideSolutionNode = FALSE
	EndGlobalSection
	GlobalSection(ExtensibilityGlobals) = postSolution
		SolutionGuid = {94910A2F-CD4F-475D-A82C-4C45CC4F23D1}
	EndGlobalSection
EndGlobal
