
Microsoft Visual Studio Solution File, Format Version 12.00
# Visual Studio Version 16
VisualStudioVersion = 16.0.30309.148
MinimumVisualStudioVersion = 10.0.40219.1
Project("{9092AA53-FB77-4645-B42D-1CCCA6BD08BD}") = "ArkEcho.Server", "ArkEcho.Server\ArkEcho.Server.njsproj", "{259552D4-FE0B-4242-8AFE-835F738D4939}"
EndProject
Global
	GlobalSection(SolutionConfigurationPlatforms) = preSolution
		Debug|Any CPU = Debug|Any CPU
		Release|Any CPU = Release|Any CPU
	EndGlobalSection
	GlobalSection(ProjectConfigurationPlatforms) = postSolution
		{259552D4-FE0B-4242-8AFE-835F738D4939}.Debug|Any CPU.ActiveCfg = Debug|Any CPU
		{259552D4-FE0B-4242-8AFE-835F738D4939}.Debug|Any CPU.Build.0 = Debug|Any CPU
		{259552D4-FE0B-4242-8AFE-835F738D4939}.Release|Any CPU.ActiveCfg = Release|Any CPU
		{259552D4-FE0B-4242-8AFE-835F738D4939}.Release|Any CPU.Build.0 = Release|Any CPU
	EndGlobalSection
	GlobalSection(SolutionProperties) = preSolution
		HideSolutionNode = FALSE
	EndGlobalSection
	GlobalSection(ExtensibilityGlobals) = postSolution
		SolutionGuid = {C75017C9-880A-45D8-8868-2EFFA92213F3}
	EndGlobalSection
EndGlobal
