
Microsoft Visual Studio Solution File, Format Version 12.00
# Visual Studio Version 16
VisualStudioVersion = 16.0.30320.27
MinimumVisualStudioVersion = 10.0.40219.1
Project("{FAE04EC0-301F-11D3-BF4B-00C04F79EFBC}") = "ArkEcho.App", "ArkEcho.App\ArkEcho.App.csproj", "{2CBD6AF6-744B-4D3F-BC6B-56DF861EF291}"
EndProject
Project("{FAE04EC0-301F-11D3-BF4B-00C04F79EFBC}") = "ArkEcho.Core", "ArkEcho.Core\ArkEcho.Core.csproj", "{34DFB0F4-7AEA-4458-891C-BBD38E067E5D}"
EndProject
Global
	GlobalSection(SolutionConfigurationPlatforms) = preSolution
		Debug|Any CPU = Debug|Any CPU
		Release|Any CPU = Release|Any CPU
	EndGlobalSection
	GlobalSection(ProjectConfigurationPlatforms) = postSolution
		{2CBD6AF6-744B-4D3F-BC6B-56DF861EF291}.Debug|Any CPU.ActiveCfg = Debug|Any CPU
		{2CBD6AF6-744B-4D3F-BC6B-56DF861EF291}.Debug|Any CPU.Build.0 = Debug|Any CPU
		{2CBD6AF6-744B-4D3F-BC6B-56DF861EF291}.Debug|Any CPU.Deploy.0 = Debug|Any CPU
		{2CBD6AF6-744B-4D3F-BC6B-56DF861EF291}.Release|Any CPU.ActiveCfg = Release|Any CPU
		{2CBD6AF6-744B-4D3F-BC6B-56DF861EF291}.Release|Any CPU.Build.0 = Release|Any CPU
		{2CBD6AF6-744B-4D3F-BC6B-56DF861EF291}.Release|Any CPU.Deploy.0 = Release|Any CPU
		{34DFB0F4-7AEA-4458-891C-BBD38E067E5D}.Debug|Any CPU.ActiveCfg = Debug|Any CPU
		{34DFB0F4-7AEA-4458-891C-BBD38E067E5D}.Debug|Any CPU.Build.0 = Debug|Any CPU
		{34DFB0F4-7AEA-4458-891C-BBD38E067E5D}.Release|Any CPU.ActiveCfg = Release|Any CPU
		{34DFB0F4-7AEA-4458-891C-BBD38E067E5D}.Release|Any CPU.Build.0 = Release|Any CPU
	EndGlobalSection
	GlobalSection(SolutionProperties) = preSolution
		HideSolutionNode = FALSE
	EndGlobalSection
	GlobalSection(ExtensibilityGlobals) = postSolution
		SolutionGuid = {36178EB1-3B5C-4F66-B136-F61567F54E6C}
	EndGlobalSection
EndGlobal
