
Microsoft Visual Studio Solution File, Format Version 12.00
# Visual Studio Version 16
VisualStudioVersion = 16.0.30309.148
MinimumVisualStudioVersion = 10.0.40219.1
Project("{8BC9CEB8-8B4A-11D0-8D11-00A0C91BC942}") = "ArkEcho.Server", "ArkEcho.Server\ArkEcho.Server.vcxproj", "{F097EB54-1231-4DC8-AA70-E4A46D8F59C1}"
EndProject
Global
	GlobalSection(SolutionConfigurationPlatforms) = preSolution
		Debug|x64 = Debug|x64
		Release|x64 = Release|x64
	EndGlobalSection
	GlobalSection(ProjectConfigurationPlatforms) = postSolution
		{F097EB54-1231-4DC8-AA70-E4A46D8F59C1}.Debug|x64.ActiveCfg = Debug|x64
		{F097EB54-1231-4DC8-AA70-E4A46D8F59C1}.Debug|x64.Build.0 = Debug|x64
		{F097EB54-1231-4DC8-AA70-E4A46D8F59C1}.Release|x64.ActiveCfg = Release|x64
		{F097EB54-1231-4DC8-AA70-E4A46D8F59C1}.Release|x64.Build.0 = Release|x64
	EndGlobalSection
	GlobalSection(SolutionProperties) = preSolution
		HideSolutionNode = FALSE
	EndGlobalSection
	GlobalSection(ExtensibilityGlobals) = postSolution
		SolutionGuid = {C578690F-3DF8-409B-88F8-D2142BFD9C22}
	EndGlobalSection
EndGlobal
